<?xml version="1.0" encoding="utf-8"?>
<Project ToolsVersion="4.0" xmlns="http://schemas.microsoft.com/developer/msbuild/2003">
  <ItemGroup>
    <ClCompile Include="Actions\AddEllipseAction.cpp" />
    <ClCompile Include="Actions\AddLineAction.cpp" />
    <ClCompile Include="Actions\AddRhomAction.cpp" />
    <ClCompile Include="Actions\AddTriAction.cpp" />
    <ClCompile Include="Actions\AddSelectAction.cpp" />
    <ClCompile Include="CEllipse.cpp" />
    <ClCompile Include="Actions\ChngDrawColor.cpp" />
    <ClCompile Include="Actions\ChngFillColor.cpp" />
    <ClCompile Include="CMUgraphicsLib\auxil.cpp" />
    <ClCompile Include="CMUgraphicsLib\CMUgraphics.cpp" />
    <ClCompile Include="CMUgraphicsLib\colors.cpp" />
    <ClCompile Include="CMUgraphicsLib\image.cpp" />
    <ClCompile Include="CMUgraphicsLib\jpegload.c" />
    <ClCompile Include="CMUgraphicsLib\keyqueue.cpp" />
    <ClCompile Include="CMUgraphicsLib\mousequeue.cpp" />
    <ClCompile Include="CMUgraphicsLib\windowinput.cpp" />
    <ClCompile Include="CMUgraphicsLib\jpeg\jcomapi.c" />
    <ClCompile Include="CMUgraphicsLib\jpeg\jcparam.c" />
    <ClCompile Include="CMUgraphicsLib\jpeg\jdapimin.c" />
    <ClCompile Include="CMUgraphicsLib\jpeg\jdapistd.c" />
    <ClCompile Include="CMUgraphicsLib\jpeg\jdatasrc.c" />
    <ClCompile Include="CMUgraphicsLib\jpeg\jdcoefct.c" />
    <ClCompile Include="CMUgraphicsLib\jpeg\jdcolor.c" />
    <ClCompile Include="CMUgraphicsLib\jpeg\jddctmgr.c" />
    <ClCompile Include="CMUgraphicsLib\jpeg\jdhuff.c" />
    <ClCompile Include="CMUgraphicsLib\jpeg\jdinput.c" />
    <ClCompile Include="CMUgraphicsLib\jpeg\jdmainct.c" />
    <ClCompile Include="CMUgraphicsLib\jpeg\jdmarker.c" />
    <ClCompile Include="CMUgraphicsLib\jpeg\jdmaster.c" />
    <ClCompile Include="CMUgraphicsLib\jpeg\jdmerge.c" />
    <ClCompile Include="CMUgraphicsLib\jpeg\jdphuff.c" />
    <ClCompile Include="CMUgraphicsLib\jpeg\jdpostct.c" />
    <ClCompile Include="CMUgraphicsLib\jpeg\jdsample.c" />
    <ClCompile Include="CMUgraphicsLib\jpeg\jdtrans.c" />
    <ClCompile Include="CMUgraphicsLib\jpeg\jerror.c" />
    <ClCompile Include="CMUgraphicsLib\jpeg\jidctflt.c" />
    <ClCompile Include="CMUgraphicsLib\jpeg\jidctfst.c" />
    <ClCompile Include="CMUgraphicsLib\jpeg\jidctint.c" />
    <ClCompile Include="CMUgraphicsLib\jpeg\jidctred.c" />
    <ClCompile Include="CMUgraphicsLib\jpeg\jmemmgr.c" />
    <ClCompile Include="CMUgraphicsLib\jpeg\jmemnobs.c" />
    <ClCompile Include="CMUgraphicsLib\jpeg\jquant1.c" />
    <ClCompile Include="CMUgraphicsLib\jpeg\jquant2.c" />
    <ClCompile Include="CMUgraphicsLib\jpeg\jutils.c" />
    <ClCompile Include="Actions\CopyAction.cpp" />
    <ClCompile Include="CRhombus.cpp" />
    <ClCompile Include="CTriangle.cpp" />
    <ClCompile Include="Actions\CutAction.cpp" />
    <ClCompile Include="Figures\CFigure.cpp" />
    <ClCompile Include="Figures\CRectangle.cpp" />
    <ClCompile Include="Actions\AddRectAction.cpp" />
    <ClCompile Include="GUI\Input.cpp" />
    <ClCompile Include="GUI\Output.cpp" />
    <ClCompile Include="ApplicationManager.cpp" />
    <ClCompile Include="CLine.cpp" />
    <ClCompile Include="main.cpp" />
    <ClCompile Include="Actions\PickByFigureAction.cpp" />
    <ClCompile Include="Actions\PickByColorAction.cpp" />
    <ClCompile Include="Actions\PasteAction.cpp" />
    <ClCompile Include="Actions\ResizeFigure.cpp" />
    <ClCompile Include="Actions\loadAction.cpp" />
    <ClCompile Include="Actions\SaveAction.cpp" />
    <ClCompile Include="Actions\BringFrontAction.cpp" />
    <ClCompile Include="Actions\DeleteAction.cpp" />
    <ClCompile Include="Actions\SaveByTypeAction.cpp" />
  </ItemGroup>
  <ItemGroup>
    <ClInclude Include="Actions\AddEllipseAction.h" />
    <ClInclude Include="Actions\AddLineAction.h" />
    <ClInclude Include="Actions\AddRhomAction.h" />
    <ClInclude Include="Actions\AddSelectAction.h" />
    <ClInclude Include="CEllipse.h" />
    <ClInclude Include="Actions\ChngDrawColor.h" />
    <ClInclude Include="Actions\ChngFillColor.h" />
    <ClInclude Include="CMUgraphicsLib\auxil.h" />
    <ClInclude Include="CMUgraphicsLib\CMUgraphics.h" />
    <ClInclude Include="CMUgraphicsLib\colors.h" />
    <ClInclude Include="CMUgraphicsLib\error.h" />
    <ClInclude Include="CMUgraphicsLib\image.h" />
    <ClInclude Include="CMUgraphicsLib\jpegload.h" />
    <ClInclude Include="CMUgraphicsLib\keyqueue.h" />
    <ClInclude Include="CMUgraphicsLib\mousequeue.h" />
    <ClInclude Include="CMUgraphicsLib\version.h" />
    <ClInclude Include="CMUgraphicsLib\windowinput.h" />
    <ClInclude Include="CMUgraphicsLib\jpeg\jconfig.h" />
    <ClInclude Include="CMUgraphicsLib\jpeg\jdct.h" />
    <ClInclude Include="CMUgraphicsLib\jpeg\jdhuff.h" />
    <ClInclude Include="CMUgraphicsLib\jpeg\jerror.h" />
    <ClInclude Include="CMUgraphicsLib\jpeg\jinclude.h" />
    <ClInclude Include="CMUgraphicsLib\jpeg\jmemsys.h" />
    <ClInclude Include="CMUgraphicsLib\jpeg\jmorecfg.h" />
    <ClInclude Include="CMUgraphicsLib\jpeg\jpegint.h" />
    <ClInclude Include="CMUgraphicsLib\jpeg\jpeglib.h" />
    <ClInclude Include="CMUgraphicsLib\jpeg\jversion.h" />
    <ClInclude Include="Actions\CopyAction.h" />
    <ClInclude Include="CRhombus.h" />
    <ClInclude Include="CTriangle.h" />
    <ClInclude Include="Actions\CutAction.h" />
    <ClInclude Include="Figures\CFigure.h" />
    <ClInclude Include="Figures\CRectangle.h" />
    <ClInclude Include="Actions\Action.h" />
    <ClInclude Include="Actions\AddRectAction.h" />
    <ClInclude Include="GUI\Input.h" />
    <ClInclude Include="GUI\Output.h" />
    <ClInclude Include="GUI\UI_Info.h" />
    <ClInclude Include="ApplicationManager.h" />
    <ClInclude Include="DEFS.h" />
    <ClInclude Include="CLine.h" />
    <ClInclude Include="Actions\AddTriAction.h" />
    <ClInclude Include="Actions\PickByFigureAction.h" />
    <ClInclude Include="Actions\PickByColorAction.h" />
    <ClInclude Include="Actions\PasteAction.h" />
    <ClInclude Include="Actions\ResizeFigure.h" />
    <ClInclude Include="Actions\loadAction.h" />
    <ClInclude Include="Actions\SaveAction.h" />
    <ClInclude Include="Actions\BringFrontAction.h" />
    <ClInclude Include="Actions\DeleteAction.h" />
    <ClInclude Include="Actions\SaveByTypeAction.h" />
  </ItemGroup>
  <ItemGroup>
    <None Include="ClassDiagram.cd" />
  </ItemGroup>
  <ItemGroup>
    <Media Include="Actions\elipse.wav" />
    <Media Include="Actions\rectangle.wav" />
    <Media Include="Actions\rho.wav" />
    <Media Include="Actions\line.wav" />
    <Media Include="Actions\tri.wav" />
  </ItemGroup>
</Project>